{
  "version": 4,
  "terraform_version": "1.8.1",
  "serial": 12,
  "lineage": "3365bca0-3058-3524-4c57-fd8bb948259b",
  "outputs": {},
  "resources": [
    {
      "mode": "managed",
      "type": "digitalocean_kubernetes_cluster",
      "name": "brodin",
      "provider": "provider[\"registry.terraform.io/digitalocean/digitalocean\"]",
      "instances": [
        {
          "schema_version": 3,
          "attributes": {
            "auto_upgrade": false,
            "cluster_subnet": "10.244.0.0/16",
            "created_at": "2024-04-18 13:33:44 +0000 UTC",
            "destroy_all_associated_resources": false,
            "endpoint": "https://3dcbf9b6-1b64-47b1-9fb4-ab8a9a242f2d.k8s.ondigitalocean.com",
            "ha": false,
            "id": "3dcbf9b6-1b64-47b1-9fb4-ab8a9a242f2d",
            "ipv4_address": "",
            "kube_config": [
              {
                "client_certificate": "",
                "client_key": "",
                "cluster_ca_certificate": "LS0tLS1CRUdJTiBDRVJUSUZJQ0FURS0tLS0tCk1JSURKekNDQWcrZ0F3SUJBZ0lDQm5Vd0RRWUpLb1pJaHZjTkFRRUxCUUF3TXpFVk1CTUdBMVVFQ2hNTVJHbG4KYVhSaGJFOWpaV0Z1TVJvd0dBWURWUVFERXhGck9ITmhZWE1nUTJ4MWMzUmxjaUJEUVRBZUZ3MHlOREEwTVRneApNek16TlRWYUZ3MDBOREEwTVRneE16TXpOVFZhTURNeEZUQVRCZ05WQkFvVERFUnBaMmwwWVd4UFkyVmhiakVhCk1CZ0dBMVVFQXhNUmF6aHpZV0Z6SUVOc2RYTjBaWElnUTBFd2dnRWlNQTBHQ1NxR1NJYjNEUUVCQVFVQUE0SUIKRHdBd2dnRUtBb0lCQVFEUE1GNFJndDlaWlFVZ1gzMDM2OVNCMkFBM0t3M1Q3VkhpZDgzV2lOclVpN0wwNkJHSQpTaC9kVGowYmVYczVPQUtVZXJtUHQvSzhIVUcyNWJkYzZOcXVZNUU2Z1M1aVgwaFpKb0kyY3VhdVBLRE1oenZICmZrS2tTOW1ialhRbjByblZCckxqYzRFeU9sTFJxb2traTllY3g3UGJMSkNua3ByWlArZVlXRFVxSm5ZUVVPSGgKcVZNcXVCWXZuaHRLaFc0ZEF2WFlURlZoc01GN2xuZnBIN1pyV3hVYVNlcjB2M0NyV1RlVlZBSkMxMzhaemRBZgpNKzZsWmJ5WFYwMURrYmZ2OTZGWElDREEveTNmWERoNms2R3o0MERhYjJFemU3WU16R2lhQWlMd05LanlibENyCmJHbEpJVjlkdlV5RkJhMnk4Qk1JTjZwcUFhbmt5YXg2dXI1ZkFnTUJBQUdqUlRCRE1BNEdBMVVkRHdFQi93UUUKQXdJQmhqQVNCZ05WSFJNQkFmOEVDREFHQVFIL0FnRUFNQjBHQTFVZERnUVdCQlEvdytPT2VIOTFQVWY0Znh2VgpYWjNWVWxCWHd6QU5CZ2txaGtpRzl3MEJBUXNGQUFPQ0FRRUFGMjlzVEdTVmszMnZhWmM1VzBkaXJlU2dKVDJ1CkxFbnlVeVc0amVHUUNjaWlFdGc4MnVkVG53UlFhWDRFcEx4RS9YRk1CRnJualJoL1JjVDhJT3hCcWdNR0dDNHUKcjk0bHUzZUI0K05qekhMSzQxWUhjNndCVEFiTUtJZzVFVER3SW5VUjZLUUFOVGZkWTFOWW1TMnlQclUvTDdxWQpMUjJuTkh4bitEbGlUTm5EaUFZWkNQUWpYYkxtRzJtbytTNGZpaUM4bUNLQk43V3h2bDlBMUlaZERuQm1rRWhkCkp2N0QrUXE0RmE2WENpeWsxOUhMeURRaDlBQ1JzbmpDYjBEUXFmWUVpRjNSaGRXY0RKcjczQW9rZTBHS2haWWQKNDI4MllYOHBuRjF0ekNjUCthVkdhU25TYnpWY0JhckFaVkk5am1YdmdFUmZoUGVzU0F5OUJGYnFndz09Ci0tLS0tRU5EIENFUlRJRklDQVRFLS0tLS0K",
                "expires_at": "2024-04-25T13:38:44Z",
                "host": "https://3dcbf9b6-1b64-47b1-9fb4-ab8a9a242f2d.k8s.ondigitalocean.com",
                "raw_config": "apiVersion: v1\nkind: Config\nclusters:\n- cluster:\n    certificate-authority-data: LS0tLS1CRUdJTiBDRVJUSUZJQ0FURS0tLS0tCk1JSURKekNDQWcrZ0F3SUJBZ0lDQm5Vd0RRWUpLb1pJaHZjTkFRRUxCUUF3TXpFVk1CTUdBMVVFQ2hNTVJHbG4KYVhSaGJFOWpaV0Z1TVJvd0dBWURWUVFERXhGck9ITmhZWE1nUTJ4MWMzUmxjaUJEUVRBZUZ3MHlOREEwTVRneApNek16TlRWYUZ3MDBOREEwTVRneE16TXpOVFZhTURNeEZUQVRCZ05WQkFvVERFUnBaMmwwWVd4UFkyVmhiakVhCk1CZ0dBMVVFQXhNUmF6aHpZV0Z6SUVOc2RYTjBaWElnUTBFd2dnRWlNQTBHQ1NxR1NJYjNEUUVCQVFVQUE0SUIKRHdBd2dnRUtBb0lCQVFEUE1GNFJndDlaWlFVZ1gzMDM2OVNCMkFBM0t3M1Q3VkhpZDgzV2lOclVpN0wwNkJHSQpTaC9kVGowYmVYczVPQUtVZXJtUHQvSzhIVUcyNWJkYzZOcXVZNUU2Z1M1aVgwaFpKb0kyY3VhdVBLRE1oenZICmZrS2tTOW1ialhRbjByblZCckxqYzRFeU9sTFJxb2traTllY3g3UGJMSkNua3ByWlArZVlXRFVxSm5ZUVVPSGgKcVZNcXVCWXZuaHRLaFc0ZEF2WFlURlZoc01GN2xuZnBIN1pyV3hVYVNlcjB2M0NyV1RlVlZBSkMxMzhaemRBZgpNKzZsWmJ5WFYwMURrYmZ2OTZGWElDREEveTNmWERoNms2R3o0MERhYjJFemU3WU16R2lhQWlMd05LanlibENyCmJHbEpJVjlkdlV5RkJhMnk4Qk1JTjZwcUFhbmt5YXg2dXI1ZkFnTUJBQUdqUlRCRE1BNEdBMVVkRHdFQi93UUUKQXdJQmhqQVNCZ05WSFJNQkFmOEVDREFHQVFIL0FnRUFNQjBHQTFVZERnUVdCQlEvdytPT2VIOTFQVWY0Znh2VgpYWjNWVWxCWHd6QU5CZ2txaGtpRzl3MEJBUXNGQUFPQ0FRRUFGMjlzVEdTVmszMnZhWmM1VzBkaXJlU2dKVDJ1CkxFbnlVeVc0amVHUUNjaWlFdGc4MnVkVG53UlFhWDRFcEx4RS9YRk1CRnJualJoL1JjVDhJT3hCcWdNR0dDNHUKcjk0bHUzZUI0K05qekhMSzQxWUhjNndCVEFiTUtJZzVFVER3SW5VUjZLUUFOVGZkWTFOWW1TMnlQclUvTDdxWQpMUjJuTkh4bitEbGlUTm5EaUFZWkNQUWpYYkxtRzJtbytTNGZpaUM4bUNLQk43V3h2bDlBMUlaZERuQm1rRWhkCkp2N0QrUXE0RmE2WENpeWsxOUhMeURRaDlBQ1JzbmpDYjBEUXFmWUVpRjNSaGRXY0RKcjczQW9rZTBHS2haWWQKNDI4MllYOHBuRjF0ekNjUCthVkdhU25TYnpWY0JhckFaVkk5am1YdmdFUmZoUGVzU0F5OUJGYnFndz09Ci0tLS0tRU5EIENFUlRJRklDQVRFLS0tLS0K\n    server: https://3dcbf9b6-1b64-47b1-9fb4-ab8a9a242f2d.k8s.ondigitalocean.com\n  name: do-ams3-brodin\ncontexts:\n- context:\n    cluster: do-ams3-brodin\n    user: do-ams3-brodin-admin\n  name: do-ams3-brodin\ncurrent-context: do-ams3-brodin\nusers:\n- name: do-ams3-brodin-admin\n  user:\n    token: dop_v1_4e6b66f575cc28d30b129bd0ae93915ae6add56b9f5105bd8dc0c2af0ff30521\n",
                "token": "dop_v1_4e6b66f575cc28d30b129bd0ae93915ae6add56b9f5105bd8dc0c2af0ff30521"
              }
            ],
            "maintenance_policy": [
              {
                "day": "any",
                "duration": "4h0m0s",
                "start_time": "16:00"
              }
            ],
            "name": "brodin",
            "node_pool": [
              {
                "actual_node_count": 2,
                "auto_scale": false,
                "id": "43a19158-a556-4325-aece-e7d5468ca2dc",
                "labels": {},
                "max_nodes": 0,
                "min_nodes": 0,
                "name": "brodin-default",
                "node_count": 2,
                "nodes": [
                  {
                    "created_at": "2024-04-18 13:33:44 +0000 UTC",
                    "droplet_id": "413607888",
                    "id": "7071cb05-b41e-42e8-bbcc-95322b70624b",
                    "name": "brodin-default-jgwnd",
                    "status": "running",
                    "updated_at": "2024-04-18 13:35:56 +0000 UTC"
                  },
                  {
                    "created_at": "2024-04-18 13:33:44 +0000 UTC",
                    "droplet_id": "413607887",
                    "id": "3c8aeb29-6764-4d81-a00a-707d46d1d523",
                    "name": "brodin-default-jgwn0",
                    "status": "running",
                    "updated_at": "2024-04-18 13:35:56 +0000 UTC"
                  }
                ],
                "size": "s-2vcpu-2gb",
                "tags": [],
                "taint": []
              }
            ],
            "region": "ams3",
            "registry_integration": false,
            "service_subnet": "10.245.0.0/16",
            "status": "running",
            "surge_upgrade": true,
            "tags": [],
            "timeouts": null,
            "updated_at": "2024-04-18 14:05:17 +0000 UTC",
            "urn": "do:kubernetes:3dcbf9b6-1b64-47b1-9fb4-ab8a9a242f2d",
            "version": "1.29.1-do.0",
            "vpc_uuid": "10241e02-db00-4389-bc12-9ec1096bd7e6"
          },
          "sensitive_attributes": [
            [
              {
                "type": "get_attr",
                "value": "kube_config"
              }
            ]
          ],
          "private": "eyJlMmJmYjczMC1lY2FhLTExZTYtOGY4OC0zNDM2M2JjN2M0YzAiOnsiY3JlYXRlIjoxODAwMDAwMDAwMDAwfSwic2NoZW1hX3ZlcnNpb24iOiIzIn0="
        }
      ]
    },
    {
      "mode": "managed",
      "type": "helm_release",
      "name": "cert-manager",
      "provider": "provider[\"registry.terraform.io/hashicorp/helm\"]",
      "instances": [
        {
          "schema_version": 1,
          "attributes": {
            "atomic": false,
            "chart": "cert-manager",
            "cleanup_on_fail": false,
            "create_namespace": false,
            "dependency_update": false,
            "description": null,
            "devel": null,
            "disable_crd_hooks": false,
            "disable_openapi_validation": false,
            "disable_webhooks": false,
            "force_update": false,
            "id": "cert-manager",
            "keyring": null,
            "lint": false,
            "manifest": null,
            "max_history": 0,
            "metadata": [
              {
                "app_version": "v1.14.4",
                "chart": "cert-manager",
                "name": "cert-manager",
                "namespace": "cert-manager",
                "revision": 1,
                "values": "{\"installCRDs\":true}",
                "version": "v1.14.4"
              }
            ],
            "name": "cert-manager",
            "namespace": "cert-manager",
            "pass_credentials": false,
            "postrender": [],
            "recreate_pods": false,
            "render_subchart_notes": true,
            "replace": false,
            "repository": "https://charts.jetstack.io",
            "repository_ca_file": null,
            "repository_cert_file": null,
            "repository_key_file": null,
            "repository_password": null,
            "repository_username": null,
            "reset_values": false,
            "reuse_values": false,
            "set": [
              {
                "name": "installCRDs",
                "type": "",
                "value": "true"
              }
            ],
            "set_list": [],
            "set_sensitive": [],
            "skip_crds": false,
            "status": "deployed",
            "timeout": 300,
            "values": null,
            "verify": false,
            "version": "v1.14.4",
            "wait": true,
            "wait_for_jobs": false
          },
          "sensitive_attributes": [
            [
              {
                "type": "get_attr",
                "value": "repository_password"
              }
            ]
          ],
          "private": "eyJzY2hlbWFfdmVyc2lvbiI6IjEifQ=="
        }
      ]
    },
    {
      "mode": "managed",
      "type": "kubernetes_namespace",
      "name": "cert-manager",
      "provider": "provider[\"registry.terraform.io/hashicorp/kubernetes\"]",
      "instances": [
        {
          "schema_version": 0,
          "attributes": {
            "id": "cert-manager",
            "metadata": [
              {
                "annotations": {},
                "generate_name": "",
                "generation": 0,
                "labels": {},
                "name": "cert-manager",
                "resource_version": "6806",
                "uid": "c3fdeca8-77bd-415d-9f9f-5a8da4d0543a"
              }
            ],
            "timeouts": null,
            "wait_for_default_service_account": false
          },
          "sensitive_attributes": [],
          "private": "eyJlMmJmYjczMC1lY2FhLTExZTYtOGY4OC0zNDM2M2JjN2M0YzAiOnsiZGVsZXRlIjozMDAwMDAwMDAwMDB9fQ=="
        }
      ]
    },
    {
      "mode": "managed",
      "type": "kubernetes_namespace",
      "name": "traefik",
      "provider": "provider[\"registry.terraform.io/hashicorp/kubernetes\"]",
      "instances": [
        {
          "schema_version": 0,
          "attributes": {
            "id": "traefik",
            "metadata": [
              {
                "annotations": {},
                "generate_name": "",
                "generation": 0,
                "labels": {},
                "name": "traefik",
                "resource_version": "6807",
                "uid": "e62a2a85-2748-4e22-ab63-e657add96ca4"
              }
            ],
            "timeouts": null,
            "wait_for_default_service_account": false
          },
          "sensitive_attributes": [],
          "private": "eyJlMmJmYjczMC1lY2FhLTExZTYtOGY4OC0zNDM2M2JjN2M0YzAiOnsiZGVsZXRlIjozMDAwMDAwMDAwMDB9fQ=="
        }
      ]
    }
  ],
  "check_results": null
}
